
Microsoft Visual Studio Solution File, Format Version 12.00
# Visual Studio Version 17
VisualStudioVersion = 17.0.32112.339
MinimumVisualStudioVersion = 10.0.40219.1
Project("{FAE04EC0-301F-11D3-BF4B-00C04F79EFBC}") = "DMM", "DMM\DMM.csproj", "{88690F36-98A2-4E0E-B5ED-1A05A8F5C4BC}"
EndProject
Global
	GlobalSection(SolutionConfigurationPlatforms) = preSolution
		Debug|Any CPU = Debug|Any CPU
		Release|Any CPU = Release|Any CPU
	EndGlobalSection
	GlobalSection(ProjectConfigurationPlatforms) = postSolution
		{88690F36-98A2-4E0E-B5ED-1A05A8F5C4BC}.Debug|Any CPU.ActiveCfg = Debug|Any CPU
		{88690F36-98A2-4E0E-B5ED-1A05A8F5C4BC}.Debug|Any CPU.Build.0 = Debug|Any CPU
		{88690F36-98A2-4E0E-B5ED-1A05A8F5C4BC}.Release|Any CPU.ActiveCfg = Release|Any CPU
		{88690F36-98A2-4E0E-B5ED-1A05A8F5C4BC}.Release|Any CPU.Build.0 = Release|Any CPU
	EndGlobalSection
	GlobalSection(SolutionProperties) = preSolution
		HideSolutionNode = FALSE
	EndGlobalSection
	GlobalSection(ExtensibilityGlobals) = postSolution
		SolutionGuid = {D08AB4F4-307F-4FFD-B7BD-DDE6BBE74847}
	EndGlobalSection
EndGlobal
